
Microsoft Visual Studio Solution File, Format Version 12.00
# Visual Studio Version 17
VisualStudioVersion = 17.1.32421.90
MinimumVisualStudioVersion = 10.0.40219.1
Project("{9A19103F-16F7-4668-BE54-9A1E7A4F7556}") = "TimeReport", "TimeReport\TimeReport.csproj", "{1AB7039E-FBF2-4B81-8890-C2410D035BD3}"
EndProject
Project("{FAE04EC0-301F-11D3-BF4B-00C04F79EFBC}") = "TimeReportApp", "TimeReportApp\TimeReportApp.csproj", "{1B41D353-06A2-452B-95CB-A92EE2DDC26D}"
EndProject
Global
	GlobalSection(SolutionConfigurationPlatforms) = preSolution
		Debug|Any CPU = Debug|Any CPU
		Release|Any CPU = Release|Any CPU
	EndGlobalSection
	GlobalSection(ProjectConfigurationPlatforms) = postSolution
		{1AB7039E-FBF2-4B81-8890-C2410D035BD3}.Debug|Any CPU.ActiveCfg = Debug|Any CPU
		{1AB7039E-FBF2-4B81-8890-C2410D035BD3}.Debug|Any CPU.Build.0 = Debug|Any CPU
		{1AB7039E-FBF2-4B81-8890-C2410D035BD3}.Release|Any CPU.ActiveCfg = Release|Any CPU
		{1AB7039E-FBF2-4B81-8890-C2410D035BD3}.Release|Any CPU.Build.0 = Release|Any CPU
		{1B41D353-06A2-452B-95CB-A92EE2DDC26D}.Debug|Any CPU.ActiveCfg = Debug|Any CPU
		{1B41D353-06A2-452B-95CB-A92EE2DDC26D}.Debug|Any CPU.Build.0 = Debug|Any CPU
		{1B41D353-06A2-452B-95CB-A92EE2DDC26D}.Release|Any CPU.ActiveCfg = Release|Any CPU
		{1B41D353-06A2-452B-95CB-A92EE2DDC26D}.Release|Any CPU.Build.0 = Release|Any CPU
	EndGlobalSection
	GlobalSection(SolutionProperties) = preSolution
		HideSolutionNode = FALSE
	EndGlobalSection
	GlobalSection(ExtensibilityGlobals) = postSolution
		SolutionGuid = {A1306BE7-35B4-43C0-AEBA-573BC062B639}
	EndGlobalSection
EndGlobal
